
Microsoft Visual Studio Solution File, Format Version 12.00
# Visual Studio Version 17
VisualStudioVersion = 17.14.36429.23 d17.14
MinimumVisualStudioVersion = 10.0.40219.1
Project("{FAE04EC0-301F-11D3-BF4B-00C04F79EFBC}") = "Prace do dvojice 6_10_2025", "Prace do dvojice 6_10_2025.csproj", "{C92BF6F9-3297-427F-A3F7-8E958B0E5CBF}"
EndProject
Global
	GlobalSection(SolutionConfigurationPlatforms) = preSolution
		Debug|Any CPU = Debug|Any CPU
		Release|Any CPU = Release|Any CPU
	EndGlobalSection
	GlobalSection(ProjectConfigurationPlatforms) = postSolution
		{C92BF6F9-3297-427F-A3F7-8E958B0E5CBF}.Debug|Any CPU.ActiveCfg = Debug|Any CPU
		{C92BF6F9-3297-427F-A3F7-8E958B0E5CBF}.Debug|Any CPU.Build.0 = Debug|Any CPU
		{C92BF6F9-3297-427F-A3F7-8E958B0E5CBF}.Release|Any CPU.ActiveCfg = Release|Any CPU
		{C92BF6F9-3297-427F-A3F7-8E958B0E5CBF}.Release|Any CPU.Build.0 = Release|Any CPU
	EndGlobalSection
	GlobalSection(SolutionProperties) = preSolution
		HideSolutionNode = FALSE
	EndGlobalSection
	GlobalSection(ExtensibilityGlobals) = postSolution
		SolutionGuid = {F2AC9051-F824-4B8A-84B7-7DEC9A351797}
	EndGlobalSection
EndGlobal
